{
  "originHash" : "fe5c58e8147cdb4a28e26eae9ddcee36123cdc9d6ce646b6d8a655fa5e201fd3",
  "pins" : [
    {
      "identity" : "ios_sdk",
      "kind" : "remoteSourceControl",
      "location" : "https://github.com/adjust/ios_sdk.git",
      "state" : {
        "revision" : "e163732d55c3c0eb749f22418b6e4855839696c3",
        "version" : "4.38.4"
      }
    },
    {
      "identity" : "taanalytics",
      "kind" : "remoteSourceControl",
      "location" : "git@github.com:TechArtists/TAAnalytics.git",
      "state" : {
        "revision" : "1409bc6ea7ae77cd82b949ae569e9c4b25fcfb7d",
        "version" : "0.9.6"
      }
    }
  ],
  "version" : 3
}
